// !$*UTF8*$!
{
	archiveVersion = 1;
	classes = {
	};
	objectVersion = 55;
	objects = {

/* Begin PBXBuildFile section */
		A0056B4328897CC500D2AC37 /* AppDelegate.swift in Sources */ = {isa = PBXBuildFile; fileRef = A0056B4228897CC500D2AC37 /* AppDelegate.swift */; };
		A0056B4528897CC500D2AC37 /* SceneDelegate.swift in Sources */ = {isa = PBXBuildFile; fileRef = A0056B4428897CC500D2AC37 /* SceneDelegate.swift */; };
		A0056B4728897CC500D2AC37 /* PullRequestsViewController.swift in Sources */ = {isa = PBXBuildFile; fileRef = A0056B4628897CC500D2AC37 /* PullRequestsViewController.swift */; };
		A0056B4A28897CC500D2AC37 /* Main.storyboard in Resources */ = {isa = PBXBuildFile; fileRef = A0056B4828897CC500D2AC37 /* Main.storyboard */; };
		A0056B4C28897CC600D2AC37 /* Assets.xcassets in Resources */ = {isa = PBXBuildFile; fileRef = A0056B4B28897CC600D2AC37 /* Assets.xcassets */; };
		A0056B4F28897CC600D2AC37 /* LaunchScreen.storyboard in Resources */ = {isa = PBXBuildFile; fileRef = A0056B4D28897CC600D2AC37 /* LaunchScreen.storyboard */; };
		A06DB2C0288EB414004AE18F /* APIDataProtocol.swift in Sources */ = {isa = PBXBuildFile; fileRef = A06DB2BF288EB414004AE18F /* APIDataProtocol.swift */; };
		A06DB2C2288EBA02004AE18F /* NetworkConfig.swift in Sources */ = {isa = PBXBuildFile; fileRef = A06DB2C1288EBA02004AE18F /* NetworkConfig.swift */; };
		A06DB2C4288EF11D004AE18F /* NetworkManager.swift in Sources */ = {isa = PBXBuildFile; fileRef = A06DB2C3288EF11D004AE18F /* NetworkManager.swift */; };
		A06DB2C6288EF80A004AE18F /* NetworkManagerProtocol.swift in Sources */ = {isa = PBXBuildFile; fileRef = A06DB2C5288EF80A004AE18F /* NetworkManagerProtocol.swift */; };
		A06DB2C8288EF845004AE18F /* APIClientProtocol.swift in Sources */ = {isa = PBXBuildFile; fileRef = A06DB2C7288EF845004AE18F /* APIClientProtocol.swift */; };
		A06DB2CA288EF8F4004AE18F /* NetworkError.swift in Sources */ = {isa = PBXBuildFile; fileRef = A06DB2C9288EF8F4004AE18F /* NetworkError.swift */; };
		A06DB2CC288F00BD004AE18F /* APIClient.swift in Sources */ = {isa = PBXBuildFile; fileRef = A06DB2CB288F00BD004AE18F /* APIClient.swift */; };
		A06DB2CE288FE0E4004AE18F /* PullRequestsAPI.swift in Sources */ = {isa = PBXBuildFile; fileRef = A06DB2CD288FE0E4004AE18F /* PullRequestsAPI.swift */; };
		A06DB2D0288FF193004AE18F /* PullRequestsModels.swift in Sources */ = {isa = PBXBuildFile; fileRef = A06DB2CF288FF193004AE18F /* PullRequestsModels.swift */; };
		A06DB2D3289002AD004AE18F /* PullRequestCollectionViewCell.swift in Sources */ = {isa = PBXBuildFile; fileRef = A06DB2D1289002AD004AE18F /* PullRequestCollectionViewCell.swift */; };
		A06DB2D4289002AD004AE18F /* PullRequestCollectionViewCell.xib in Resources */ = {isa = PBXBuildFile; fileRef = A06DB2D2289002AD004AE18F /* PullRequestCollectionViewCell.xib */; };
		A06DB2D628902A5B004AE18F /* AppDependencyContainer.swift in Sources */ = {isa = PBXBuildFile; fileRef = A06DB2D528902A5B004AE18F /* AppDependencyContainer.swift */; };
		A06DB2D828902BBE004AE18F /* AppFlowCoordinator.swift in Sources */ = {isa = PBXBuildFile; fileRef = A06DB2D728902BBE004AE18F /* AppFlowCoordinator.swift */; };
		A06DB2DB28902C54004AE18F /* PullRequestsRepository.swift in Sources */ = {isa = PBXBuildFile; fileRef = A06DB2DA28902C54004AE18F /* PullRequestsRepository.swift */; };
		A06DB2DD28904030004AE18F /* PullRequestsViewModel.swift in Sources */ = {isa = PBXBuildFile; fileRef = A06DB2DC28904030004AE18F /* PullRequestsViewModel.swift */; };
		A06DB2DF289181E7004AE18F /* UIImageViewExtension.swift in Sources */ = {isa = PBXBuildFile; fileRef = A06DB2DE289181E7004AE18F /* UIImageViewExtension.swift */; };
/* End PBXBuildFile section */

/* Begin PBXFileReference section */
		A0056B3F28897CC500D2AC37 /* NaviAssignment.app */ = {isa = PBXFileReference; explicitFileType = wrapper.application; includeInIndex = 0; path = NaviAssignment.app; sourceTree = BUILT_PRODUCTS_DIR; };
		A0056B4228897CC500D2AC37 /* AppDelegate.swift */ = {isa = PBXFileReference; lastKnownFileType = sourcecode.swift; path = AppDelegate.swift; sourceTree = "<group>"; };
		A0056B4428897CC500D2AC37 /* SceneDelegate.swift */ = {isa = PBXFileReference; lastKnownFileType = sourcecode.swift; path = SceneDelegate.swift; sourceTree = "<group>"; };
		A0056B4628897CC500D2AC37 /* PullRequestsViewController.swift */ = {isa = PBXFileReference; lastKnownFileType = sourcecode.swift; path = PullRequestsViewController.swift; sourceTree = "<group>"; };
		A0056B4928897CC500D2AC37 /* Base */ = {isa = PBXFileReference; lastKnownFileType = file.storyboard; name = Base; path = Base.lproj/Main.storyboard; sourceTree = "<group>"; };
		A0056B4B28897CC600D2AC37 /* Assets.xcassets */ = {isa = PBXFileReference; lastKnownFileType = folder.assetcatalog; path = Assets.xcassets; sourceTree = "<group>"; };
		A0056B4E28897CC600D2AC37 /* Base */ = {isa = PBXFileReference; lastKnownFileType = file.storyboard; name = Base; path = Base.lproj/LaunchScreen.storyboard; sourceTree = "<group>"; };
		A0056B5028897CC600D2AC37 /* Info.plist */ = {isa = PBXFileReference; lastKnownFileType = text.plist.xml; path = Info.plist; sourceTree = "<group>"; };
		A06DB2BF288EB414004AE18F /* APIDataProtocol.swift */ = {isa = PBXFileReference; lastKnownFileType = sourcecode.swift; path = APIDataProtocol.swift; sourceTree = "<group>"; };
		A06DB2C1288EBA02004AE18F /* NetworkConfig.swift */ = {isa = PBXFileReference; lastKnownFileType = sourcecode.swift; path = NetworkConfig.swift; sourceTree = "<group>"; };
		A06DB2C3288EF11D004AE18F /* NetworkManager.swift */ = {isa = PBXFileReference; lastKnownFileType = sourcecode.swift; path = NetworkManager.swift; sourceTree = "<group>"; };
		A06DB2C5288EF80A004AE18F /* NetworkManagerProtocol.swift */ = {isa = PBXFileReference; lastKnownFileType = sourcecode.swift; path = NetworkManagerProtocol.swift; sourceTree = "<group>"; };
		A06DB2C7288EF845004AE18F /* APIClientProtocol.swift */ = {isa = PBXFileReference; lastKnownFileType = sourcecode.swift; path = APIClientProtocol.swift; sourceTree = "<group>"; };
		A06DB2C9288EF8F4004AE18F /* NetworkError.swift */ = {isa = PBXFileReference; lastKnownFileType = sourcecode.swift; path = NetworkError.swift; sourceTree = "<group>"; };
		A06DB2CB288F00BD004AE18F /* APIClient.swift */ = {isa = PBXFileReference; lastKnownFileType = sourcecode.swift; path = APIClient.swift; sourceTree = "<group>"; };
		A06DB2CD288FE0E4004AE18F /* PullRequestsAPI.swift */ = {isa = PBXFileReference; lastKnownFileType = sourcecode.swift; path = PullRequestsAPI.swift; sourceTree = "<group>"; };
		A06DB2CF288FF193004AE18F /* PullRequestsModels.swift */ = {isa = PBXFileReference; lastKnownFileType = sourcecode.swift; path = PullRequestsModels.swift; sourceTree = "<group>"; };
		A06DB2D1289002AD004AE18F /* PullRequestCollectionViewCell.swift */ = {isa = PBXFileReference; lastKnownFileType = sourcecode.swift; path = PullRequestCollectionViewCell.swift; sourceTree = "<group>"; };
		A06DB2D2289002AD004AE18F /* PullRequestCollectionViewCell.xib */ = {isa = PBXFileReference; lastKnownFileType = file.xib; path = PullRequestCollectionViewCell.xib; sourceTree = "<group>"; };
		A06DB2D528902A5B004AE18F /* AppDependencyContainer.swift */ = {isa = PBXFileReference; lastKnownFileType = sourcecode.swift; path = AppDependencyContainer.swift; sourceTree = "<group>"; };
		A06DB2D728902BBE004AE18F /* AppFlowCoordinator.swift */ = {isa = PBXFileReference; lastKnownFileType = sourcecode.swift; path = AppFlowCoordinator.swift; sourceTree = "<group>"; };
		A06DB2DA28902C54004AE18F /* PullRequestsRepository.swift */ = {isa = PBXFileReference; lastKnownFileType = sourcecode.swift; path = PullRequestsRepository.swift; sourceTree = "<group>"; };
		A06DB2DC28904030004AE18F /* PullRequestsViewModel.swift */ = {isa = PBXFileReference; lastKnownFileType = sourcecode.swift; path = PullRequestsViewModel.swift; sourceTree = "<group>"; };
		A06DB2DE289181E7004AE18F /* UIImageViewExtension.swift */ = {isa = PBXFileReference; lastKnownFileType = sourcecode.swift; path = UIImageViewExtension.swift; sourceTree = "<group>"; };
/* End PBXFileReference section */

/* Begin PBXFrameworksBuildPhase section */
		A0056B3C28897CC500D2AC37 /* Frameworks */ = {
			isa = PBXFrameworksBuildPhase;
			buildActionMask = 2147483647;
			files = (
			);
			runOnlyForDeploymentPostprocessing = 0;
		};
/* End PBXFrameworksBuildPhase section */

/* Begin PBXGroup section */
		A0056B3628897CC500D2AC37 = {
			isa = PBXGroup;
			children = (
				A0056B4128897CC500D2AC37 /* NaviAssignment */,
				A0056B4028897CC500D2AC37 /* Products */,
			);
			sourceTree = "<group>";
		};
		A0056B4028897CC500D2AC37 /* Products */ = {
			isa = PBXGroup;
			children = (
				A0056B3F28897CC500D2AC37 /* NaviAssignment.app */,
			);
			name = Products;
			sourceTree = "<group>";
		};
		A0056B4128897CC500D2AC37 /* NaviAssignment */ = {
			isa = PBXGroup;
			children = (
				A06DB2D928902C25004AE18F /* Repository */,
				A06DB2BD288EB0DD004AE18F /* Network */,
				A0056B4228897CC500D2AC37 /* AppDelegate.swift */,
				A0056B4428897CC500D2AC37 /* SceneDelegate.swift */,
				A06DB2E52891A0B9004AE18F /* View Controller */,
				A0056B4828897CC500D2AC37 /* Main.storyboard */,
				A0056B4B28897CC600D2AC37 /* Assets.xcassets */,
				A0056B4D28897CC600D2AC37 /* LaunchScreen.storyboard */,
				A0056B5028897CC600D2AC37 /* Info.plist */,
				A06DB2E42891A083004AE18F /* PullRequestsAPI */,
				A06DB2E62891A0F2004AE18F /* Views */,
				A06DB2E02891A04C004AE18F /* DI */,
				A06DB2E12891A057004AE18F /* Coordinator */,
				A06DB2E32891A070004AE18F /* ViewModel */,
				A06DB2E22891A063004AE18F /* Extension */,
			);
			path = NaviAssignment;
			sourceTree = "<group>";
		};
		A06DB2BD288EB0DD004AE18F /* Network */ = {
			isa = PBXGroup;
			children = (
				A06DB2BE288EB3B1004AE18F /* Protocol */,
				A06DB2C1288EBA02004AE18F /* NetworkConfig.swift */,
				A06DB2C3288EF11D004AE18F /* NetworkManager.swift */,
				A06DB2C9288EF8F4004AE18F /* NetworkError.swift */,
				A06DB2CB288F00BD004AE18F /* APIClient.swift */,
			);
			path = Network;
			sourceTree = "<group>";
		};
		A06DB2BE288EB3B1004AE18F /* Protocol */ = {
			isa = PBXGroup;
			children = (
				A06DB2BF288EB414004AE18F /* APIDataProtocol.swift */,
				A06DB2C5288EF80A004AE18F /* NetworkManagerProtocol.swift */,
				A06DB2C7288EF845004AE18F /* APIClientProtocol.swift */,
			);
			path = Protocol;
			sourceTree = "<group>";
		};
		A06DB2D928902C25004AE18F /* Repository */ = {
			isa = PBXGroup;
			children = (
				A06DB2DA28902C54004AE18F /* PullRequestsRepository.swift */,
			);
			path = Repository;
			sourceTree = "<group>";
		};
		A06DB2E02891A04C004AE18F /* DI */ = {
			isa = PBXGroup;
			children = (
				A06DB2D528902A5B004AE18F /* AppDependencyContainer.swift */,
			);
			path = DI;
			sourceTree = "<group>";
		};
		A06DB2E12891A057004AE18F /* Coordinator */ = {
			isa = PBXGroup;
			children = (
				A06DB2D728902BBE004AE18F /* AppFlowCoordinator.swift */,
			);
			path = Coordinator;
			sourceTree = "<group>";
		};
		A06DB2E22891A063004AE18F /* Extension */ = {
			isa = PBXGroup;
			children = (
				A06DB2DE289181E7004AE18F /* UIImageViewExtension.swift */,
			);
			path = Extension;
			sourceTree = "<group>";
		};
		A06DB2E32891A070004AE18F /* ViewModel */ = {
			isa = PBXGroup;
			children = (
				A06DB2DC28904030004AE18F /* PullRequestsViewModel.swift */,
			);
			path = ViewModel;
			sourceTree = "<group>";
		};
		A06DB2E42891A083004AE18F /* PullRequestsAPI */ = {
			isa = PBXGroup;
			children = (
				A06DB2CD288FE0E4004AE18F /* PullRequestsAPI.swift */,
				A06DB2CF288FF193004AE18F /* PullRequestsModels.swift */,
			);
			path = PullRequestsAPI;
			sourceTree = "<group>";
		};
		A06DB2E52891A0B9004AE18F /* View Controller */ = {
			isa = PBXGroup;
			children = (
				A0056B4628897CC500D2AC37 /* PullRequestsViewController.swift */,
			);
			path = "View Controller";
			sourceTree = "<group>";
		};
		A06DB2E62891A0F2004AE18F /* Views */ = {
			isa = PBXGroup;
			children = (
				A06DB2D1289002AD004AE18F /* PullRequestCollectionViewCell.swift */,
				A06DB2D2289002AD004AE18F /* PullRequestCollectionViewCell.xib */,
			);
			path = Views;
			sourceTree = "<group>";
		};
/* End PBXGroup section */

/* Begin PBXNativeTarget section */
		A0056B3E28897CC500D2AC37 /* NaviAssignment */ = {
			isa = PBXNativeTarget;
			buildConfigurationList = A0056B5328897CC600D2AC37 /* Build configuration list for PBXNativeTarget "NaviAssignment" */;
			buildPhases = (
				A0056B3B28897CC500D2AC37 /* Sources */,
				A0056B3C28897CC500D2AC37 /* Frameworks */,
				A0056B3D28897CC500D2AC37 /* Resources */,
			);
			buildRules = (
			);
			dependencies = (
			);
			name = NaviAssignment;
			productName = NaviAssignment;
			productReference = A0056B3F28897CC500D2AC37 /* NaviAssignment.app */;
			productType = "com.apple.product-type.application";
		};
/* End PBXNativeTarget section */

/* Begin PBXProject section */
		A0056B3728897CC500D2AC37 /* Project object */ = {
			isa = PBXProject;
			attributes = {
				BuildIndependentTargetsInParallel = 1;
				LastSwiftUpdateCheck = 1330;
				LastUpgradeCheck = 1330;
				TargetAttributes = {
					A0056B3E28897CC500D2AC37 = {
						CreatedOnToolsVersion = 13.3;
					};
				};
			};
			buildConfigurationList = A0056B3A28897CC500D2AC37 /* Build configuration list for PBXProject "NaviAssignment" */;
			compatibilityVersion = "Xcode 13.0";
			developmentRegion = en;
			hasScannedForEncodings = 0;
			knownRegions = (
				en,
				Base,
			);
			mainGroup = A0056B3628897CC500D2AC37;
			productRefGroup = A0056B4028897CC500D2AC37 /* Products */;
			projectDirPath = "";
			projectRoot = "";
			targets = (
				A0056B3E28897CC500D2AC37 /* NaviAssignment */,
			);
		};
/* End PBXProject section */

/* Begin PBXResourcesBuildPhase section */
		A0056B3D28897CC500D2AC37 /* Resources */ = {
			isa = PBXResourcesBuildPhase;
			buildActionMask = 2147483647;
			files = (
				A0056B4F28897CC600D2AC37 /* LaunchScreen.storyboard in Resources */,
				A06DB2D4289002AD004AE18F /* PullRequestCollectionViewCell.xib in Resources */,
				A0056B4C28897CC600D2AC37 /* Assets.xcassets in Resources */,
				A0056B4A28897CC500D2AC37 /* Main.storyboard in Resources */,
			);
			runOnlyForDeploymentPostprocessing = 0;
		};
/* End PBXResourcesBuildPhase section */

/* Begin PBXSourcesBuildPhase section */
		A0056B3B28897CC500D2AC37 /* Sources */ = {
			isa = PBXSourcesBuildPhase;
			buildActionMask = 2147483647;
			files = (
				A06DB2DB28902C54004AE18F /* PullRequestsRepository.swift in Sources */,
				A06DB2C4288EF11D004AE18F /* NetworkManager.swift in Sources */,
				A0056B4728897CC500D2AC37 /* PullRequestsViewController.swift in Sources */,
				A06DB2C6288EF80A004AE18F /* NetworkManagerProtocol.swift in Sources */,
				A06DB2DD28904030004AE18F /* PullRequestsViewModel.swift in Sources */,
				A06DB2CC288F00BD004AE18F /* APIClient.swift in Sources */,
				A06DB2D0288FF193004AE18F /* PullRequestsModels.swift in Sources */,
				A06DB2CE288FE0E4004AE18F /* PullRequestsAPI.swift in Sources */,
				A06DB2D3289002AD004AE18F /* PullRequestCollectionViewCell.swift in Sources */,
				A06DB2D828902BBE004AE18F /* AppFlowCoordinator.swift in Sources */,
				A06DB2C2288EBA02004AE18F /* NetworkConfig.swift in Sources */,
				A06DB2D628902A5B004AE18F /* AppDependencyContainer.swift in Sources */,
				A0056B4328897CC500D2AC37 /* AppDelegate.swift in Sources */,
				A06DB2C8288EF845004AE18F /* APIClientProtocol.swift in Sources */,
				A06DB2DF289181E7004AE18F /* UIImageViewExtension.swift in Sources */,
				A06DB2CA288EF8F4004AE18F /* NetworkError.swift in Sources */,
				A06DB2C0288EB414004AE18F /* APIDataProtocol.swift in Sources */,
				A0056B4528897CC500D2AC37 /* SceneDelegate.swift in Sources */,
			);
			runOnlyForDeploymentPostprocessing = 0;
		};
/* End PBXSourcesBuildPhase section */

/* Begin PBXVariantGroup section */
		A0056B4828897CC500D2AC37 /* Main.storyboard */ = {
			isa = PBXVariantGroup;
			children = (
				A0056B4928897CC500D2AC37 /* Base */,
			);
			name = Main.storyboard;
			sourceTree = "<group>";
		};
		A0056B4D28897CC600D2AC37 /* LaunchScreen.storyboard */ = {
			isa = PBXVariantGroup;
			children = (
				A0056B4E28897CC600D2AC37 /* Base */,
			);
			name = LaunchScreen.storyboard;
			sourceTree = "<group>";
		};
/* End PBXVariantGroup section */

/* Begin XCBuildConfiguration section */
		A0056B5128897CC600D2AC37 /* Debug */ = {
			isa = XCBuildConfiguration;
			buildSettings = {
				ALWAYS_SEARCH_USER_PATHS = NO;
				CLANG_ANALYZER_NONNULL = YES;
				CLANG_ANALYZER_NUMBER_OBJECT_CONVERSION = YES_AGGRESSIVE;
				CLANG_CXX_LANGUAGE_STANDARD = "gnu++17";
				CLANG_ENABLE_MODULES = YES;
				CLANG_ENABLE_OBJC_ARC = YES;
				CLANG_ENABLE_OBJC_WEAK = YES;
				CLANG_WARN_BLOCK_CAPTURE_AUTORELEASING = YES;
				CLANG_WARN_BOOL_CONVERSION = YES;
				CLANG_WARN_COMMA = YES;
				CLANG_WARN_CONSTANT_CONVERSION = YES;
				CLANG_WARN_DEPRECATED_OBJC_IMPLEMENTATIONS = YES;
				CLANG_WARN_DIRECT_OBJC_ISA_USAGE = YES_ERROR;
				CLANG_WARN_DOCUMENTATION_COMMENTS = YES;
				CLANG_WARN_EMPTY_BODY = YES;
				CLANG_WARN_ENUM_CONVERSION = YES;
				CLANG_WARN_INFINITE_RECURSION = YES;
				CLANG_WARN_INT_CONVERSION = YES;
				CLANG_WARN_NON_LITERAL_NULL_CONVERSION = YES;
				CLANG_WARN_OBJC_IMPLICIT_RETAIN_SELF = YES;
				CLANG_WARN_OBJC_LITERAL_CONVERSION = YES;
				CLANG_WARN_OBJC_ROOT_CLASS = YES_ERROR;
				CLANG_WARN_QUOTED_INCLUDE_IN_FRAMEWORK_HEADER = YES;
				CLANG_WARN_RANGE_LOOP_ANALYSIS = YES;
				CLANG_WARN_STRICT_PROTOTYPES = YES;
				CLANG_WARN_SUSPICIOUS_MOVE = YES;
				CLANG_WARN_UNGUARDED_AVAILABILITY = YES_AGGRESSIVE;
				CLANG_WARN_UNREACHABLE_CODE = YES;
				CLANG_WARN__DUPLICATE_METHOD_MATCH = YES;
				COPY_PHASE_STRIP = NO;
				DEBUG_INFORMATION_FORMAT = dwarf;
				ENABLE_STRICT_OBJC_MSGSEND = YES;
				ENABLE_TESTABILITY = YES;
				GCC_C_LANGUAGE_STANDARD = gnu11;
				GCC_DYNAMIC_NO_PIC = NO;
				GCC_NO_COMMON_BLOCKS = YES;
				GCC_OPTIMIZATION_LEVEL = 0;
				GCC_PREPROCESSOR_DEFINITIONS = (
					"DEBUG=1",
					"$(inherited)",
				);
				GCC_WARN_64_TO_32_BIT_CONVERSION = YES;
				GCC_WARN_ABOUT_RETURN_TYPE = YES_ERROR;
				GCC_WARN_UNDECLARED_SELECTOR = YES;
				GCC_WARN_UNINITIALIZED_AUTOS = YES_AGGRESSIVE;
				GCC_WARN_UNUSED_FUNCTION = YES;
				GCC_WARN_UNUSED_VARIABLE = YES;
				IPHONEOS_DEPLOYMENT_TARGET = 15.4;
				MTL_ENABLE_DEBUG_INFO = INCLUDE_SOURCE;
				MTL_FAST_MATH = YES;
				ONLY_ACTIVE_ARCH = YES;
				SDKROOT = iphoneos;
				SWIFT_ACTIVE_COMPILATION_CONDITIONS = DEBUG;
				SWIFT_OPTIMIZATION_LEVEL = "-Onone";
			};
			name = Debug;
		};
		A0056B5228897CC600D2AC37 /* Release */ = {
			isa = XCBuildConfiguration;
			buildSettings = {
				ALWAYS_SEARCH_USER_PATHS = NO;
				CLANG_ANALYZER_NONNULL = YES;
				CLANG_ANALYZER_NUMBER_OBJECT_CONVERSION = YES_AGGRESSIVE;
				CLANG_CXX_LANGUAGE_STANDARD = "gnu++17";
				CLANG_ENABLE_MODULES = YES;
				CLANG_ENABLE_OBJC_ARC = YES;
				CLANG_ENABLE_OBJC_WEAK = YES;
				CLANG_WARN_BLOCK_CAPTURE_AUTORELEASING = YES;
				CLANG_WARN_BOOL_CONVERSION = YES;
				CLANG_WARN_COMMA = YES;
				CLANG_WARN_CONSTANT_CONVERSION = YES;
				CLANG_WARN_DEPRECATED_OBJC_IMPLEMENTATIONS = YES;
				CLANG_WARN_DIRECT_OBJC_ISA_USAGE = YES_ERROR;
				CLANG_WARN_DOCUMENTATION_COMMENTS = YES;
				CLANG_WARN_EMPTY_BODY = YES;
				CLANG_WARN_ENUM_CONVERSION = YES;
				CLANG_WARN_INFINITE_RECURSION = YES;
				CLANG_WARN_INT_CONVERSION = YES;
				CLANG_WARN_NON_LITERAL_NULL_CONVERSION = YES;
				CLANG_WARN_OBJC_IMPLICIT_RETAIN_SELF = YES;
				CLANG_WARN_OBJC_LITERAL_CONVERSION = YES;
				CLANG_WARN_OBJC_ROOT_CLASS = YES_ERROR;
				CLANG_WARN_QUOTED_INCLUDE_IN_FRAMEWORK_HEADER = YES;
				CLANG_WARN_RANGE_LOOP_ANALYSIS = YES;
				CLANG_WARN_STRICT_PROTOTYPES = YES;
				CLANG_WARN_SUSPICIOUS_MOVE = YES;
				CLANG_WARN_UNGUARDED_AVAILABILITY = YES_AGGRESSIVE;
				CLANG_WARN_UNREACHABLE_CODE = YES;
				CLANG_WARN__DUPLICATE_METHOD_MATCH = YES;
				COPY_PHASE_STRIP = NO;
				DEBUG_INFORMATION_FORMAT = "dwarf-with-dsym";
				ENABLE_NS_ASSERTIONS = NO;
				ENABLE_STRICT_OBJC_MSGSEND = YES;
				GCC_C_LANGUAGE_STANDARD = gnu11;
				GCC_NO_COMMON_BLOCKS = YES;
				GCC_WARN_64_TO_32_BIT_CONVERSION = YES;
				GCC_WARN_ABOUT_RETURN_TYPE = YES_ERROR;
				GCC_WARN_UNDECLARED_SELECTOR = YES;
				GCC_WARN_UNINITIALIZED_AUTOS = YES_AGGRESSIVE;
				GCC_WARN_UNUSED_FUNCTION = YES;
				GCC_WARN_UNUSED_VARIABLE = YES;
				IPHONEOS_DEPLOYMENT_TARGET = 15.4;
				MTL_ENABLE_DEBUG_INFO = NO;
				MTL_FAST_MATH = YES;
				SDKROOT = iphoneos;
				SWIFT_COMPILATION_MODE = wholemodule;
				SWIFT_OPTIMIZATION_LEVEL = "-O";
				VALIDATE_PRODUCT = YES;
			};
			name = Release;
		};
		A0056B5428897CC600D2AC37 /* Debug */ = {
			isa = XCBuildConfiguration;
			buildSettings = {
				ASSETCATALOG_COMPILER_APPICON_NAME = AppIcon;
				ASSETCATALOG_COMPILER_GLOBAL_ACCENT_COLOR_NAME = AccentColor;
				CODE_SIGN_STYLE = Automatic;
				CURRENT_PROJECT_VERSION = 1;
				DEVELOPMENT_TEAM = XHFYWY6Q45;
				GENERATE_INFOPLIST_FILE = YES;
				INFOPLIST_FILE = NaviAssignment/Info.plist;
				INFOPLIST_KEY_UIApplicationSupportsIndirectInputEvents = YES;
				INFOPLIST_KEY_UILaunchStoryboardName = LaunchScreen;
				INFOPLIST_KEY_UIMainStoryboardFile = Main;
				INFOPLIST_KEY_UISupportedInterfaceOrientations = "UIInterfaceOrientationPortrait UIInterfaceOrientationLandscapeLeft UIInterfaceOrientationLandscapeRight";
				INFOPLIST_KEY_UISupportedInterfaceOrientations_iPad = "UIInterfaceOrientationPortrait UIInterfaceOrientationPortraitUpsideDown UIInterfaceOrientationLandscapeLeft UIInterfaceOrientationLandscapeRight";
				INFOPLIST_KEY_UISupportedInterfaceOrientations_iPhone = "UIInterfaceOrientationPortrait UIInterfaceOrientationLandscapeLeft UIInterfaceOrientationLandscapeRight";
				IPHONEOS_DEPLOYMENT_TARGET = 13.6;
				LD_RUNPATH_SEARCH_PATHS = (
					"$(inherited)",
					"@executable_path/Frameworks",
				);
				MARKETING_VERSION = 1.0;
				PRODUCT_BUNDLE_IDENTIFIER = net.athul.NaviAssignment;
				PRODUCT_NAME = "$(TARGET_NAME)";
				SWIFT_EMIT_LOC_STRINGS = YES;
				SWIFT_VERSION = 5.0;
				TARGETED_DEVICE_FAMILY = 1;
			};
			name = Debug;
		};
		A0056B5528897CC600D2AC37 /* Release */ = {
			isa = XCBuildConfiguration;
			buildSettings = {
				ASSETCATALOG_COMPILER_APPICON_NAME = AppIcon;
				ASSETCATALOG_COMPILER_GLOBAL_ACCENT_COLOR_NAME = AccentColor;
				CODE_SIGN_STYLE = Automatic;
				CURRENT_PROJECT_VERSION = 1;
				DEVELOPMENT_TEAM = XHFYWY6Q45;
				GENERATE_INFOPLIST_FILE = YES;
				INFOPLIST_FILE = NaviAssignment/Info.plist;
				INFOPLIST_KEY_UIApplicationSupportsIndirectInputEvents = YES;
				INFOPLIST_KEY_UILaunchStoryboardName = LaunchScreen;
				INFOPLIST_KEY_UIMainStoryboardFile = Main;
				INFOPLIST_KEY_UISupportedInterfaceOrientations = "UIInterfaceOrientationPortrait UIInterfaceOrientationLandscapeLeft UIInterfaceOrientationLandscapeRight";
				INFOPLIST_KEY_UISupportedInterfaceOrientations_iPad = "UIInterfaceOrientationPortrait UIInterfaceOrientationPortraitUpsideDown UIInterfaceOrientationLandscapeLeft UIInterfaceOrientationLandscapeRight";
				INFOPLIST_KEY_UISupportedInterfaceOrientations_iPhone = "UIInterfaceOrientationPortrait UIInterfaceOrientationLandscapeLeft UIInterfaceOrientationLandscapeRight";
				IPHONEOS_DEPLOYMENT_TARGET = 13.6;
				LD_RUNPATH_SEARCH_PATHS = (
					"$(inherited)",
					"@executable_path/Frameworks",
				);
				MARKETING_VERSION = 1.0;
				PRODUCT_BUNDLE_IDENTIFIER = net.athul.NaviAssignment;
				PRODUCT_NAME = "$(TARGET_NAME)";
				SWIFT_EMIT_LOC_STRINGS = YES;
				SWIFT_VERSION = 5.0;
				TARGETED_DEVICE_FAMILY = 1;
			};
			name = Release;
		};
/* End XCBuildConfiguration section */

/* Begin XCConfigurationList section */
		A0056B3A28897CC500D2AC37 /* Build configuration list for PBXProject "NaviAssignment" */ = {
			isa = XCConfigurationList;
			buildConfigurations = (
				A0056B5128897CC600D2AC37 /* Debug */,
				A0056B5228897CC600D2AC37 /* Release */,
			);
			defaultConfigurationIsVisible = 0;
			defaultConfigurationName = Release;
		};
		A0056B5328897CC600D2AC37 /* Build configuration list for PBXNativeTarget "NaviAssignment" */ = {
			isa = XCConfigurationList;
			buildConfigurations = (
				A0056B5428897CC600D2AC37 /* Debug */,
				A0056B5528897CC600D2AC37 /* Release */,
			);
			defaultConfigurationIsVisible = 0;
			defaultConfigurationName = Release;
		};
/* End XCConfigurationList section */
	};
	rootObject = A0056B3728897CC500D2AC37 /* Project object */;
}
